<?xml version="1.0" encoding="UTF-8" standalone="yes" ?>
<CodeBlocks_project_file>
	<FileVersion major="1" minor="6" />
	<Project>
		<Option title="pacman" />
		<Option pch_mode="2" />
		<Option compiler="gcc" />
		<Build>
			<Target title="Debug">
				<Option output="bin/Debug/pacman" prefix_auto="1" extension_auto="1" />
				<Option object_output="obj/Debug/" />
				<Option type="1" />
				<Option compiler="gcc" />
				<Compiler>
					<Add option="-g" />
				</Compiler>
			</Target>
			<Target title="Release">
				<Option output="bin/Release/pacman" prefix_auto="1" extension_auto="1" />
				<Option object_output="obj/Release/" />
				<Option type="0" />
				<Option compiler="gcc" />
				<Compiler>
					<Add option="-O3" />
				</Compiler>
				<Linker>
					<Add option="-s" />
				</Linker>
			</Target>
		</Build>
		<Compiler>
			<Add option="-Wall" />
			<Add option="-Wno-switch" />
			<Add option="-Wno-unused-result" />
		</Compiler>
		<Linker>
			<Add library="/usr/lib/x86_64-linux-gnu/libsfml-graphics.so.2.1" />
			<Add library="/usr/lib/x86_64-linux-gnu/libsfml-system.so.2.1" />
			<Add library="/usr/lib/x86_64-linux-gnu/libsfml-window.so.2.1" />
		</Linker>
		<Unit filename="src/actor.cpp" />
		<Unit filename="src/actor.h" />
		<Unit filename="src/game.cpp" />
		<Unit filename="src/game.h" />
		<Unit filename="src/gameplay_constants.cpp" />
		<Unit filename="src/gameplay_constants.h" />
		<Unit filename="src/ghost.cpp" />
		<Unit filename="src/ghost.h" />
		<Unit filename="src/ghost_modes.cpp" />
		<Unit filename="src/ghost_modes.h" />
		<Unit filename="src/ghost_strategies.cpp" />
		<Unit filename="src/ghost_strategies.h" />
		<Unit filename="src/main.cpp" />
		<Unit filename="src/maze.cpp" />
		<Unit filename="src/maze.h" />
		<Unit filename="src/pacman.cpp" />
		<Unit filename="src/pacman.h" />
		<Unit filename="src/pch.cpp">
			<Option weight="1" />
		</Unit>
		<Unit filename="src/pch.h">
			<Option compile="1" />
			<Option weight="0" />
		</Unit>
		<Unit filename="src/sprite_factory.cpp" />
		<Unit filename="src/sprite_factory.h" />
		<Extensions>
			<code_completion />
			<debugger />
		</Extensions>
	</Project>
</CodeBlocks_project_file>
